
Microsoft Visual Studio Solution File, Format Version 11.00
# Visual Studio 2010
Project("{54435603-DBB4-11D2-8724-00A0C9A8B90C}") = "ECITestBench", "ECITestBench\ECITestBench.vdproj", "{DF5DEAD8-ECD9-4AA6-B8DD-FA0EF30F7D53}"
EndProject
Global
	GlobalSection(SolutionConfigurationPlatforms) = preSolution
		Debug|Default = Debug|Default
		Release|Default = Release|Default
	EndGlobalSection
	GlobalSection(ProjectConfigurationPlatforms) = postSolution
		{DF5DEAD8-ECD9-4AA6-B8DD-FA0EF30F7D53}.Debug|Default.ActiveCfg = Debug
		{DF5DEAD8-ECD9-4AA6-B8DD-FA0EF30F7D53}.Debug|Default.Build.0 = Debug
		{DF5DEAD8-ECD9-4AA6-B8DD-FA0EF30F7D53}.Release|Default.ActiveCfg = Release
		{DF5DEAD8-ECD9-4AA6-B8DD-FA0EF30F7D53}.Release|Default.Build.0 = Release
	EndGlobalSection
	GlobalSection(SolutionProperties) = preSolution
		HideSolutionNode = FALSE
	EndGlobalSection
EndGlobal
