<?xml version="1.0" encoding="utf-8"?>
<Project ToolsVersion="4.0" xmlns="http://schemas.microsoft.com/developer/msbuild/2003">
  <ItemGroup>
    <Filter Include="Source Files">
      <UniqueIdentifier>{4FC737F1-C7A5-4376-A066-2A32D752A2FF}</UniqueIdentifier>
      <Extensions>cpp;c;cc;cxx;def;odl;idl;hpj;bat;asm;asmx</Extensions>
    </Filter>
    <Filter Include="Header Files">
      <UniqueIdentifier>{93995380-89BD-4b04-88EB-625FBE52EBFB}</UniqueIdentifier>
      <Extensions>h;hpp;hxx;hm;inl;inc;xsd</Extensions>
    </Filter>
    <Filter Include="Resource Files">
      <UniqueIdentifier>{67DA6AB6-F800-4c08-8B7A-83BB121AAD01}</UniqueIdentifier>
      <Extensions>rc;ico;cur;bmp;dlg;rc2;rct;bin;rgs;gif;jpg;jpeg;jpe;resx;tiff;tif;png;wav;mfcribbon-ms</Extensions>
    </Filter>
  </ItemGroup>
  <ItemGroup>
    <None Include="ReadMe.txt" />
    <None Include="res\ECIBoxTB.rc2">
      <Filter>Resource Files</Filter>
    </None>
    <None Include="res\ECIBoxTB.ico">
      <Filter>Resource Files</Filter>
    </None>
    <None Include="..\pictures\connectFalse.bmp">
      <Filter>Resource Files</Filter>
    </None>
    <None Include="..\pictures\connectStatus.bmp">
      <Filter>Resource Files</Filter>
    </None>
    <None Include="..\pictures\connectOK.bmp">
      <Filter>Resource Files</Filter>
    </None>
    <None Include="res\bitmap1.bmp">
      <Filter>Resource Files</Filter>
    </None>
    <None Include="res\connectFalse.bmp">
      <Filter>Resource Files</Filter>
    </None>
    <None Include="res\connectOK.bmp">
      <Filter>Resource Files</Filter>
    </None>
    <None Include="res\connectStatus.bmp">
      <Filter>Resource Files</Filter>
    </None>
    <None Include="res\beixin.bmp">
      <Filter>Resource Files</Filter>
    </None>
  </ItemGroup>
  <ItemGroup>
    <ClInclude Include="ECIBoxTB.h">
      <Filter>Header Files</Filter>
    </ClInclude>
    <ClInclude Include="stdafx.h">
      <Filter>Header Files</Filter>
    </ClInclude>
    <ClInclude Include="targetver.h">
      <Filter>Header Files</Filter>
    </ClInclude>
    <ClInclude Include="Resource.h">
      <Filter>Header Files</Filter>
    </ClInclude>
    <ClInclude Include="Info2Page.h">
      <Filter>Header Files</Filter>
    </ClInclude>
    <ClInclude Include="Info3Page.h">
      <Filter>Header Files</Filter>
    </ClInclude>
    <ClInclude Include="Info4Page.h">
      <Filter>Header Files</Filter>
    </ClInclude>
    <ClInclude Include="TestDlg.h">
      <Filter>Header Files</Filter>
    </ClInclude>
    <ClInclude Include="ConfigDlg.h">
      <Filter>Header Files</Filter>
    </ClInclude>
    <ClInclude Include="ConductDlg.h">
      <Filter>Header Files</Filter>
    </ClInclude>
    <ClInclude Include="CSerialPort.h">
      <Filter>Header Files</Filter>
    </ClInclude>
    <ClInclude Include="Info5Page.h">
      <Filter>Header Files</Filter>
    </ClInclude>
    <ClInclude Include="Info6Page.h">
      <Filter>Header Files</Filter>
    </ClInclude>
    <ClInclude Include="MainDlg.h">
      <Filter>Header Files</Filter>
    </ClInclude>
    <ClInclude Include="AboutBoxDlg.h">
      <Filter>Header Files</Filter>
    </ClInclude>
    <ClInclude Include="frameUnpack.h">
      <Filter>Header Files</Filter>
    </ClInclude>
    <ClInclude Include="framePack.h">
      <Filter>Header Files</Filter>
    </ClInclude>
    <ClInclude Include="CRC.h">
      <Filter>Header Files</Filter>
    </ClInclude>
    <ClInclude Include="CommunicateWithCom.h">
      <Filter>Header Files</Filter>
    </ClInclude>
    <ClInclude Include="CommunicateWithCan.h">
      <Filter>Header Files</Filter>
    </ClInclude>
    <ClInclude Include="SwitchTestDlg.h">
      <Filter>Header Files</Filter>
    </ClInclude>
    <ClInclude Include="ConductTestDlg.h">
      <Filter>Header Files</Filter>
    </ClInclude>
    <ClInclude Include="TpsTestDlg.h">
      <Filter>Header Files</Filter>
    </ClInclude>
    <ClInclude Include="ECISelect.h">
      <Filter>Header Files</Filter>
    </ClInclude>
    <ClInclude Include="MainDlgOld.h">
      <Filter>Header Files</Filter>
    </ClInclude>
    <ClInclude Include="Info5PageOld.h">
      <Filter>Header Files</Filter>
    </ClInclude>
    <ClInclude Include="Info6PageOld.h">
      <Filter>Header Files</Filter>
    </ClInclude>
    <ClInclude Include="ControlCAN.H">
      <Filter>Header Files</Filter>
    </ClInclude>
  </ItemGroup>
  <ItemGroup>
    <ClCompile Include="ECIBoxTB.cpp">
      <Filter>Source Files</Filter>
    </ClCompile>
    <ClCompile Include="stdafx.cpp">
      <Filter>Source Files</Filter>
    </ClCompile>
    <ClCompile Include="Info2Page.cpp">
      <Filter>Source Files</Filter>
    </ClCompile>
    <ClCompile Include="Info3Page.cpp">
      <Filter>Source Files</Filter>
    </ClCompile>
    <ClCompile Include="Info4Page.cpp">
      <Filter>Source Files</Filter>
    </ClCompile>
    <ClCompile Include="TestDlg.cpp">
      <Filter>Source Files</Filter>
    </ClCompile>
    <ClCompile Include="ConfigDlg.cpp">
      <Filter>Source Files</Filter>
    </ClCompile>
    <ClCompile Include="ConductDlg.cpp">
      <Filter>Source Files</Filter>
    </ClCompile>
    <ClCompile Include="CSerialPort.cpp">
      <Filter>Source Files</Filter>
    </ClCompile>
    <ClCompile Include="Info5Page.cpp">
      <Filter>Source Files</Filter>
    </ClCompile>
    <ClCompile Include="Info6Page.cpp">
      <Filter>Source Files</Filter>
    </ClCompile>
    <ClCompile Include="MainDlg.cpp">
      <Filter>Source Files</Filter>
    </ClCompile>
    <ClCompile Include="AboutBoxDlg.cpp">
      <Filter>Source Files</Filter>
    </ClCompile>
    <ClCompile Include="frameUnpack.cpp">
      <Filter>Source Files</Filter>
    </ClCompile>
    <ClCompile Include="framePack.cpp">
      <Filter>Source Files</Filter>
    </ClCompile>
    <ClCompile Include="CRC.cpp">
      <Filter>Source Files</Filter>
    </ClCompile>
    <ClCompile Include="CommunicateWithCom.cpp">
      <Filter>Source Files</Filter>
    </ClCompile>
    <ClCompile Include="SwitchTestDlg.cpp">
      <Filter>Source Files</Filter>
    </ClCompile>
    <ClCompile Include="ConductTestDlg.cpp">
      <Filter>Source Files</Filter>
    </ClCompile>
    <ClCompile Include="TpsTestDlg.cpp">
      <Filter>Source Files</Filter>
    </ClCompile>
    <ClCompile Include="ECISelect.cpp">
      <Filter>Source Files</Filter>
    </ClCompile>
    <ClCompile Include="MainDlgOld.cpp">
      <Filter>Source Files</Filter>
    </ClCompile>
    <ClCompile Include="Info5PageOld.cpp">
      <Filter>Source Files</Filter>
    </ClCompile>
    <ClCompile Include="Info6PageOld.cpp">
      <Filter>Source Files</Filter>
    </ClCompile>
    <ClCompile Include="CommunicateWithCan.cpp">
      <Filter>Source Files</Filter>
    </ClCompile>
  </ItemGroup>
  <ItemGroup>
    <ResourceCompile Include="ECIBoxTB.rc">
      <Filter>Resource Files</Filter>
    </ResourceCompile>
  </ItemGroup>
  <ItemGroup>
    <Library Include="ControlCAN.LIB">
      <Filter>Source Files</Filter>
    </Library>
  </ItemGroup>
</Project>